
Microsoft Visual Studio Solution File, Format Version 12.00
# Visual Studio 14
VisualStudioVersion = 14.0.25420.1
MinimumVisualStudioVersion = 10.0.40219.1
Project("{FAE04EC0-301F-11D3-BF4B-00C04F79EFBC}") = "MeuAlelo", "MeuAlelo\MeuAlelo.csproj", "{79C9AE94-A116-40E8-A22F-68B1D27F1E79}"
EndProject
Global
	GlobalSection(SolutionConfigurationPlatforms) = preSolution
		Debug|Any CPU = Debug|Any CPU
		Debug|ARM = Debug|ARM
		Debug|x86 = Debug|x86
		Release|Any CPU = Release|Any CPU
		Release|ARM = Release|ARM
		Release|x86 = Release|x86
	EndGlobalSection
	GlobalSection(ProjectConfigurationPlatforms) = postSolution
		{79C9AE94-A116-40E8-A22F-68B1D27F1E79}.Debug|Any CPU.ActiveCfg = Debug|Any CPU
		{79C9AE94-A116-40E8-A22F-68B1D27F1E79}.Debug|Any CPU.Build.0 = Debug|Any CPU
		{79C9AE94-A116-40E8-A22F-68B1D27F1E79}.Debug|ARM.ActiveCfg = Debug|Any CPU
		{79C9AE94-A116-40E8-A22F-68B1D27F1E79}.Debug|ARM.Build.0 = Debug|Any CPU
		{79C9AE94-A116-40E8-A22F-68B1D27F1E79}.Debug|x86.ActiveCfg = Debug|Any CPU
		{79C9AE94-A116-40E8-A22F-68B1D27F1E79}.Debug|x86.Build.0 = Debug|Any CPU
		{79C9AE94-A116-40E8-A22F-68B1D27F1E79}.Release|Any CPU.ActiveCfg = Release|Any CPU
		{79C9AE94-A116-40E8-A22F-68B1D27F1E79}.Release|Any CPU.Build.0 = Release|Any CPU
		{79C9AE94-A116-40E8-A22F-68B1D27F1E79}.Release|ARM.ActiveCfg = Release|Any CPU
		{79C9AE94-A116-40E8-A22F-68B1D27F1E79}.Release|ARM.Build.0 = Release|Any CPU
		{79C9AE94-A116-40E8-A22F-68B1D27F1E79}.Release|x86.ActiveCfg = Release|Any CPU
		{79C9AE94-A116-40E8-A22F-68B1D27F1E79}.Release|x86.Build.0 = Release|Any CPU
	EndGlobalSection
	GlobalSection(SolutionProperties) = preSolution
		HideSolutionNode = FALSE
	EndGlobalSection
EndGlobal
